
Microsoft Visual Studio Solution File, Format Version 12.00
# Visual Studio Version 16
VisualStudioVersion = 16.0.29613.14
MinimumVisualStudioVersion = 10.0.40219.1
Project("{FAE04EC0-301F-11D3-BF4B-00C04F79EFBC}") = "Top2000MVC", "Top2000MVC\Top2000MVC.csproj", "{4A4B75FC-66EC-46C7-96B2-D00B216DD5CE}"
EndProject
Global
	GlobalSection(SolutionConfigurationPlatforms) = preSolution
		Debug|Any CPU = Debug|Any CPU
		Release|Any CPU = Release|Any CPU
	EndGlobalSection
	GlobalSection(ProjectConfigurationPlatforms) = postSolution
		{4A4B75FC-66EC-46C7-96B2-D00B216DD5CE}.Debug|Any CPU.ActiveCfg = Debug|Any CPU
		{4A4B75FC-66EC-46C7-96B2-D00B216DD5CE}.Debug|Any CPU.Build.0 = Debug|Any CPU
		{4A4B75FC-66EC-46C7-96B2-D00B216DD5CE}.Release|Any CPU.ActiveCfg = Release|Any CPU
		{4A4B75FC-66EC-46C7-96B2-D00B216DD5CE}.Release|Any CPU.Build.0 = Release|Any CPU
	EndGlobalSection
	GlobalSection(SolutionProperties) = preSolution
		HideSolutionNode = FALSE
	EndGlobalSection
	GlobalSection(ExtensibilityGlobals) = postSolution
		SolutionGuid = {DEB5A442-BD3B-4E21-989A-8A5799CD420B}
	EndGlobalSection
EndGlobal
